<?xml version="1.0" encoding="utf-8"?>
<Project ToolsVersion="4.0" xmlns="http://schemas.microsoft.com/developer/msbuild/2003">
  <ItemGroup>
    <Filter Include="Source Files">
      <UniqueIdentifier>{4FC737F1-C7A5-4376-A066-2A32D752A2FF}</UniqueIdentifier>
      <Extensions>cpp;c;cc;cxx;c++;cppm;ixx;def;odl;idl;hpj;bat;asm;asmx</Extensions>
    </Filter>
    <Filter Include="Header Files">
      <UniqueIdentifier>{93995380-89BD-4b04-88EB-625FBE52EBFB}</UniqueIdentifier>
      <Extensions>h;hh;hpp;hxx;h++;hm;inl;inc;ipp;xsd</Extensions>
    </Filter>
    <Filter Include="Resource Files">
      <UniqueIdentifier>{67DA6AB6-F800-4c08-8B7A-83BB121AAD01}</UniqueIdentifier>
      <Extensions>rc;ico;cur;bmp;dlg;rc2;rct;bin;rgs;gif;jpg;jpeg;jpe;resx;tiff;tif;png;wav;mfcribbon-ms</Extensions>
    </Filter>
  </ItemGroup>
  <ItemGroup>
    <ClCompile Include="KrulConsoleApp.cpp">
      <Filter>Source Files</Filter>
    </ClCompile>
    <ClCompile Include="HTTPGetter.cpp">
      <Filter>Source Files</Filter>
    </ClCompile>
    <ClCompile Include="MethodLib.cpp">
      <Filter>Source Files</Filter>
    </ClCompile>
    <ClCompile Include="Parser.cpp">
      <Filter>Source Files</Filter>
    </ClCompile>
    <ClCompile Include="Interpreters\NumberInterpreters\Absolute.cpp">
      <Filter>Source Files</Filter>
    </ClCompile>
    <ClCompile Include="Interpreters\NumberInterpreters\Addition.cpp">
      <Filter>Source Files</Filter>
    </ClCompile>
    <ClCompile Include="Interpreters\NumberInterpreters\Decrement.cpp">
      <Filter>Source Files</Filter>
    </ClCompile>
    <ClCompile Include="Interpreters\NumberInterpreters\Increment.cpp">
      <Filter>Source Files</Filter>
    </ClCompile>
    <ClCompile Include="Interpreters\NumberInterpreters\Modulo.cpp">
      <Filter>Source Files</Filter>
    </ClCompile>
    <ClCompile Include="Interpreters\NumberInterpreters\Multiplication.cpp">
      <Filter>Source Files</Filter>
    </ClCompile>
    <ClCompile Include="Interpreters\NumberInterpreters\Negate.cpp">
      <Filter>Source Files</Filter>
    </ClCompile>
    <ClCompile Include="Interpreters\NumberInterpreters\Subtraction.cpp">
      <Filter>Source Files</Filter>
    </ClCompile>
    <ClCompile Include="Interpreters\NumberInterpreters\Division.cpp">
      <Filter>Source Files</Filter>
    </ClCompile>
    <ClCompile Include="Interpreters\Interpreter.cpp">
      <Filter>Source Files</Filter>
    </ClCompile>
    <ClCompile Include="Interpreters\TextInterpreters\Duplicate.cpp">
      <Filter>Source Files</Filter>
    </ClCompile>
    <ClCompile Include="Interpreters\TextInterpreters\Reverse.cpp">
      <Filter>Source Files</Filter>
    </ClCompile>
    <ClCompile Include="Interpreters\TextInterpreters\Substring.cpp">
      <Filter>Source Files</Filter>
    </ClCompile>
    <ClCompile Include="Interpreters\TextInterpreters\Indexing.cpp">
      <Filter>Source Files</Filter>
    </ClCompile>
    <ClCompile Include="Interpreters\TextInterpreters\Concatenation.cpp">
      <Filter>Source Files</Filter>
    </ClCompile>
    <ClCompile Include="Interpreters\TextInterpreters\Length.cpp">
      <Filter>Source Files</Filter>
    </ClCompile>
    <ClCompile Include="Interpreters\TextInterpreters\Newline.cpp">
      <Filter>Source Files</Filter>
    </ClCompile>
    <ClCompile Include="Interpreters\TextInterpreters\Rot13.cpp">
      <Filter>Source Files</Filter>
    </ClCompile>
    <ClCompile Include="ParserInterpreters\VariableCreation.cpp">
      <Filter>Source Files</Filter>
    </ClCompile>
    <ClCompile Include="ParserInterpreters\VariableRetrieval.cpp">
      <Filter>Source Files</Filter>
    </ClCompile>
    <ClCompile Include="ParserInterpreters\LabelCreation.cpp">
      <Filter>Source Files</Filter>
    </ClCompile>
    <ClCompile Include="ParserInterpreters\LabelRetrieval.cpp">
      <Filter>Source Files</Filter>
    </ClCompile>
    <ClCompile Include="ParserInterpreters\ParserLib.cpp">
      <Filter>Source Files</Filter>
    </ClCompile>
    <ClCompile Include="Interpreters\GotoTests\Goto.cpp">
      <Filter>Source Files</Filter>
    </ClCompile>
    <ClCompile Include="Interpreters\GotoTests\GotoIfEqual.cpp">
      <Filter>Source Files</Filter>
    </ClCompile>
    <ClCompile Include="Interpreters\GotoTests\GotoIfNotEqual.cpp">
      <Filter>Source Files</Filter>
    </ClCompile>
    <ClCompile Include="Interpreters\GotoTests\GotoIfLess.cpp">
      <Filter>Source Files</Filter>
    </ClCompile>
    <ClCompile Include="Interpreters\GotoTests\GotoIfLessOrEqual.cpp">
      <Filter>Source Files</Filter>
    </ClCompile>
    <ClCompile Include="Interpreters\GotoTests\GotoIfGreater.cpp">
      <Filter>Source Files</Filter>
    </ClCompile>
    <ClCompile Include="Interpreters\GotoTests\GotoIfGreaterOrEqual.cpp">
      <Filter>Source Files</Filter>
    </ClCompile>
  </ItemGroup>
  <ItemGroup>
    <ClInclude Include="HTTPGetter.h">
      <Filter>Header Files</Filter>
    </ClInclude>
    <ClInclude Include="MethodLib.h">
      <Filter>Header Files</Filter>
    </ClInclude>
    <ClInclude Include="Parser.h">
      <Filter>Header Files</Filter>
    </ClInclude>
    <ClInclude Include="Interpreters\NumberInterpreters\Absolute.h">
      <Filter>Header Files</Filter>
    </ClInclude>
    <ClInclude Include="Interpreters\NumberInterpreters\Addition.h">
      <Filter>Header Files</Filter>
    </ClInclude>
    <ClInclude Include="Interpreters\NumberInterpreters\Decrement.h">
      <Filter>Header Files</Filter>
    </ClInclude>
    <ClInclude Include="Interpreters\NumberInterpreters\Increment.h">
      <Filter>Header Files</Filter>
    </ClInclude>
    <ClInclude Include="Interpreters\NumberInterpreters\Modulo.h">
      <Filter>Header Files</Filter>
    </ClInclude>
    <ClInclude Include="Interpreters\NumberInterpreters\Multiplication.h">
      <Filter>Header Files</Filter>
    </ClInclude>
    <ClInclude Include="Interpreters\NumberInterpreters\Negate.h">
      <Filter>Header Files</Filter>
    </ClInclude>
    <ClInclude Include="Interpreters\NumberInterpreters\Subtraction.h">
      <Filter>Header Files</Filter>
    </ClInclude>
    <ClInclude Include="Interpreters\Interpreter.h">
      <Filter>Header Files</Filter>
    </ClInclude>
    <ClInclude Include="Interpreters\NumberInterpreters\Division.h">
      <Filter>Header Files</Filter>
    </ClInclude>
    <ClInclude Include="Interpreters\TextInterpreters\Duplicate.h">
      <Filter>Header Files</Filter>
    </ClInclude>
    <ClInclude Include="Interpreters\TextInterpreters\Reverse.h">
      <Filter>Header Files</Filter>
    </ClInclude>
    <ClInclude Include="Interpreters\TextInterpreters\Substring.h">
      <Filter>Header Files</Filter>
    </ClInclude>
    <ClInclude Include="Interpreters\TextInterpreters\Indexing.h">
      <Filter>Header Files</Filter>
    </ClInclude>
    <ClInclude Include="Interpreters\TextInterpreters\Concatenation.h">
      <Filter>Header Files</Filter>
    </ClInclude>
    <ClInclude Include="Interpreters\TextInterpreters\Length.h">
      <Filter>Header Files</Filter>
    </ClInclude>
    <ClInclude Include="Interpreters\TextInterpreters\Newline.h">
      <Filter>Header Files</Filter>
    </ClInclude>
    <ClInclude Include="Interpreters\TextInterpreters\Rot13.h">
      <Filter>Header Files</Filter>
    </ClInclude>
    <ClInclude Include="ParserInterpreters\iVariableParser.h">
      <Filter>Header Files</Filter>
    </ClInclude>
    <ClInclude Include="ParserInterpreters\VariableCreation.h">
      <Filter>Header Files</Filter>
    </ClInclude>
    <ClInclude Include="ParserInterpreters\VariableRetrieval.h">
      <Filter>Header Files</Filter>
    </ClInclude>
    <ClInclude Include="ParserInterpreters\iLabelParser.h">
      <Filter>Header Files</Filter>
    </ClInclude>
    <ClInclude Include="ParserInterpreters\LabelCreation.h">
      <Filter>Header Files</Filter>
    </ClInclude>
    <ClInclude Include="ParserInterpreters\LabelRetrieval.h">
      <Filter>Header Files</Filter>
    </ClInclude>
    <ClInclude Include="ParserInterpreters\ParcerLib.h">
      <Filter>Header Files</Filter>
    </ClInclude>
    <ClInclude Include="Interpreters\GotoTests\Goto.h">
      <Filter>Header Files</Filter>
    </ClInclude>
    <ClInclude Include="Interpreters\GotoTests\GotoIfEqual.h">
      <Filter>Header Files</Filter>
    </ClInclude>
    <ClInclude Include="Interpreters\GotoTests\GotoIfNotEqual.h">
      <Filter>Header Files</Filter>
    </ClInclude>
    <ClInclude Include="Interpreters\GotoTests\GotoIfLess.h">
      <Filter>Header Files</Filter>
    </ClInclude>
    <ClInclude Include="Interpreters\GotoTests\GotoIfLessOrEqual.h">
      <Filter>Header Files</Filter>
    </ClInclude>
    <ClInclude Include="Interpreters\GotoTests\GotoIfGreater.h">
      <Filter>Header Files</Filter>
    </ClInclude>
    <ClInclude Include="Interpreters\GotoTests\GotoIfGreaterOrEqual.h">
      <Filter>Header Files</Filter>
    </ClInclude>
  </ItemGroup>
  <ItemGroup>
    <None Include=".gitignore" />
  </ItemGroup>
</Project>