
Microsoft Visual Studio Solution File, Format Version 12.00
# Visual Studio Version 16
VisualStudioVersion = 16.0.30413.136
MinimumVisualStudioVersion = 10.0.40219.1
Project("{8BC9CEB8-8B4A-11D0-8D11-00A0C91BC942}") = "KrulConsoleApp", "KrulConsoleApp.vcxproj", "{12236EE4-4212-49D2-BF32-5BC61DD15879}"
EndProject
Global
	GlobalSection(SolutionConfigurationPlatforms) = preSolution
		Debug|x64 = Debug|x64
		Debug|x86 = Debug|x86
		Release|x64 = Release|x64
		Release|x86 = Release|x86
	EndGlobalSection
	GlobalSection(ProjectConfigurationPlatforms) = postSolution
		{12236EE4-4212-49D2-BF32-5BC61DD15879}.Debug|x64.ActiveCfg = Debug|x64
		{12236EE4-4212-49D2-BF32-5BC61DD15879}.Debug|x64.Build.0 = Debug|x64
		{12236EE4-4212-49D2-BF32-5BC61DD15879}.Debug|x86.ActiveCfg = Debug|Win32
		{12236EE4-4212-49D2-BF32-5BC61DD15879}.Debug|x86.Build.0 = Debug|Win32
		{12236EE4-4212-49D2-BF32-5BC61DD15879}.Release|x64.ActiveCfg = Release|x64
		{12236EE4-4212-49D2-BF32-5BC61DD15879}.Release|x64.Build.0 = Release|x64
		{12236EE4-4212-49D2-BF32-5BC61DD15879}.Release|x86.ActiveCfg = Release|Win32
		{12236EE4-4212-49D2-BF32-5BC61DD15879}.Release|x86.Build.0 = Release|Win32
	EndGlobalSection
	GlobalSection(SolutionProperties) = preSolution
		HideSolutionNode = FALSE
	EndGlobalSection
	GlobalSection(ExtensibilityGlobals) = postSolution
		SolutionGuid = {181348C7-53AC-4CAD-B108-0A0738E9C715}
	EndGlobalSection
EndGlobal
